OldClock:
  name: '&cOldClock'
  system-ID: OldClock
  material: 383
  glow: false
  lore: []
  crafting:
    disable: true
    recipe: xxx,xxx,xxx
    index:
      C: '347:0'
      F: '17:0'
      X: '0'
      H: '126:0'
      x: '7'
      I: '17:0'
      J: '126:0'
  ProjectModels:
    ArmorStands:
      '0': H4sIAAAAAAAAAI1SQU/CMBj9BmOUGe+evfsHvOBw3UYC2wJEGRdSsSyLXZdsA+JP8OjJn0O8GI8evJt49U/YsQ5QYmJP73t9733t1+oAdThySUyvoiy6YRSgYFodklGfkVzWjWFMGBNQqYNqRamkVSONM+no8uU2Qai0PknvaFoWTZslq4iHhVQHHS8YTQ0eMqoD6mFrNO1hWwNlvH78sE/fL6YCByCXwJOKF2bVwYZZaPf2f2grDFW2Mehvsl+uT74e/OVBtuSL7I5nBv/Mbg26trMLf3v2n15R57ehvQuXBnnT9h83rfhNCzFSyvMkvUfQuHTwcASq67lYDgFBLbqF4zjidJaSeX7OklARwmTBc6UGmkliEhavgaDpWZZjuGbpR4D6RtfdJ1RxrOG2sDCWrYRXLT5HOc1kRvIo4Rqg8Zk3n2c03x0dTQ6pQFLrz5JqQD0gqxJ/A8M8d+l5AgAA
      '11': H4sIAAAAAAAAAI2SMU/CQBTHX6XAUWcTZ3e/gAsWem1JoEUgSlnIAQdpvLZJWyA6uRjj6OS3MI5uxsU4OrgbZya/gddyBdSYeNP//fr+/+t7OQUgB9sW8eixG7kDRgESUqqQiDYZiUWdb3uEMS6lHMi6Gwosq6EXCUfNn60SeFehQcJTGi6LosGCuetPklYFFDxlNFT9CaMKoDrWO/06NgogdR9v3o29t8M+1w6Iw3Uv49wsm1jVkt6N7996Mw1ZttpqpNnPJ7uL6+bsV7bgSXbF1px/ZpdaNcNch78+NW9fUOWnobwOFwYxafmPSTOeXsFXSv04CM8Q5KsmbndAtmwLiyUg2HJHsOO5Ph2GZBwfzINgRP1+xMhA4oZg6sfSFhQ04pEJBQkQFG1dN1VLW+YgQA21Zm0Cmf9ee1XoGIsruVdOHslyq8GQxG7gFwB19+3xOKJxuXP+YdwnI6Behu4ejhaXKXIy9HmRDpqHnEPm1atEfwEQ3JZngQIAAA==
      '1': H4sIAAAAAAAAAI1SQU7CQBT9hVKGGveu3XsBN1jstCWBtgGilA0ZcWgap9OkLRCP4NKVx0E3xqUL9x7ASzilU0CJibN6/81778/8GR2gDkcuielVlEU3jAIUTKtDMuozksu6MYwJYwIqdVCtKJW0aqRxJh1dvtwmCJXWJ+kdTcuiabNkFfGwkOqg4wWjqcFDRnVAPWyNpj1sa6CM14+f9unHxVTgAOQSeFLxwqw62DAL7d7+D22Foco2Bv1N9uv1ydeDvzzIlnyR3fHM4J/ZrUHXdnbh7y/+0xvq/Da0d+HSIG/a/uOmFb9pIUZKeZ6k9wgalw4ejkB1PRfLISCoRbdwHEeczlIyz89ZEipCmCx4rtRAM0lMwuI1EDQ9y3IM1yz9CFDf6Lr7hCqONdwWFsaylfCqxecop5nMSB4lXAM0PvPm84zmu6OjySEVSGr9XFINqAdkVeJvJkxHu3kCAAA=
      '2': H4sIAAAAAAAAAI1SwU7CMBj+J2OUGe+evfsCXnC4biOBjQBRxoVULEtj1yXbgPgIHj35OMaL8eiBuw/gS9ixDlBiYk/f//X7vr/9WxOgBsc+iek1y9gtpwAF02yTjPY5yVVdH8aEcwm1GugOSxWtW2mcKUdHLLcJUmX0SHpP07JouDxZMREVUhNMvOA0tUTEqQmoi53RtItdA7Txy9One7a+nEocgloSTypemnUPW3ah3dv/oa0wVNnWoLfJfrs5/XrsLw+yFV9ktwM7/Gd2c9BxvV34x2v/+R21fxtau3BlUDdt/XHTit+0kCOlIk/SBwT1Kw8PR6D7gY/VEBAcsTs4iZmgs5TM8wueRJoUJguRa0dg2CQmUfEaCBqB43iWb5d+BKhndfx9QpfHGm4LB2PVSnr14nOU00xmJGeJMACNz4P5PKP57uhockiFimqtS6oOtZCsSvwN4jqcKnkCAAA=
      '3': H4sIAAAAAAAAAI1SsU7DMBR8oWnqBrEzs/MDLCUlTlKpTaq2gqZLZYobRTiO5KSt+ARGJj4HsSBGBnZWJH4Cp3HaQoWEp3vnu3v2s02AGhz6JKGXcRZfMwpQMM02yWifkVzV9WFCGJNQq4HuxELRuiWSTDk6fLlJkCqjR8QtFWXRcFm6inlUSE0w8YJRYfGIURNQFzujaRe7Bmjjp4cP9+T9fCpxCGpJPKl4adY9bNmFdmf/h7bCUGVbg946++Xq+Ou+v9zLVnyR3Q7s8J/ZzUHH9bbhb8/9x1fU/m1obcOVQd209cdNK37dQo6U8jwVdwjqFx4ejkD3Ax+rISA4iG/gKIk5nQkyz89YGmlSmC54rh2AYZOERMVrIGgEjuNZvl36EaCe1fF3CV0ea7gpHIxVK+nVi89RTjOdkTxOuQFofBrM5xnNt0dHk30qVFTrs6TqUAvJqsTfm2eT/3kCAAA=
      '4': H4sIAAAAAAAAAI1SMU/CQBj9CqUcdXB1dnLxD7hgsdeWBFoCRCkxIWc9SMO1TdoC8Sc4GSd/DtHBODq4m5g4+Qcc7dEroMbEm9737r333X13KkAZdmwS0FM/8S8YBeBMrUES2mEkFXWlFxDGciwbfixoWYuDRDia4XydIJVBaZN4SuO8qJosWvjhhEtVUPGM0VgLJ4yqgFrY6I9a2FRAGixvX839l+NRhl0QK8PDgs/MsoU1nWu39r9pCwxFttZtr7Ifz/Y+rjvzX9mC59kNR3f/mV3rNk1rE/5837l7Qo2fhvomXBjETet/3LTgVy2ykdIwjeIrBJUTC/f6INuOjcUQEJT8S9gN/JB6MRmnRx6LvKmUSaNZmEolUHQSkAl/DwRVxzAszdbzBASorTXtbULODtZbFwbGolnmlfn3yOcZeST1o1ABNDh0xuOEppvDo6Gg6u8PN+cHn5xyBbV8y1UVKLtkkeMvsHv2KHsCAAA=
      '5': H4sIAAAAAAAAAHVSMU/CQBj9CqUcNe6sOrnwB1yw2GtLAi0BopSYkBOPpvHaJm2B8BOcjJM/x+hgGB109ge4uBoXW3oFguGm97177313350MUIQDk3j0wo3ca0YBUqbSIBHtMBLzutTzCGMZFjU35LSohF7EHU1/tk4QiiC1SXhLw6wo6yyYu76TSmWQ8ZTRUPEdRmVALaz1Ry2sSyAMnh4+9eP3s1GCbeArwcOcT8yigRV1pf05+u2rtequNseQZyvd9kr/eln9uuvM/mVzPs1uWKqdarf292VXuk3d2IS/PXcel6ixa6hvwrmB37S+56Y5v2qRjJT6cRAuEJTODdzrg2haJuZDQFBwb+DQc306DskkPmWBIyTCYOrHQgEklXjESV8DQdnSNEMx1cyPALWVprlNiMmxeutCw5i3Srxi+jmyaQZjEruBLwEa1KzJJKLx5uhoyKn6x8v91cl3Stk5tcxUJSjaZJ7hP0KadOh5AgAA
      '6': H4sIAAAAAAAAAI1Su04CQRS9wALDWtrQamVDZyxMzLqwLxLYJUDk0eAAA9m4D7O7QPQPrIyVH+CHEC2MpYkWFiaWFtaaGBtn2F18JCZOde6Zc87MvTM8QApWdGyTPdM3+xYBYEyuiH1Ss3AQ1emGjS0rxJxiehHNiZ7tR46yM10mJFKQqWLvgHjhZla13JnpjFnFAy9PLOKJztgiPKCKrDR7FVnNQKI9P3tS1+93exR3IFoUd2OemjlNFiWm/bb/QxtjiLPFepXphbdWfusulWN64X3toykV8ovs61b+5aQ2ZdlFQ+r8MztXL6vaMnx+e1k7v0HF3wbhKzwyRJ0Kf3Qa84sj6EiJE7jeEYJ0SZMbTeB0Q5dROISw4CFrKIom6hKCpDmEVdt0yMDDo2C7b+Fj0vPcYYLa3YkTJJKQkbCNx+yNEKCqWNaZcxlLL9dYFoosRwdSLce+SDhTd4AD03UygNoFYzTySSA88zuHFw+0AdSNqceN16vTfUZ1IipuMw2pDp6VNhn+BGgapcV/AgAA
      '7': H4sIAAAAAAAAAI2SvVLCQBDHNxBCiK2FlYW9L2CDQfLBDCQRGCU0zAFHJsMlmUkCjA9AYWll5zNY0jE2jqXO2PsAvIR35AJ+jDOm+u//dn97uxcFoAgHFgrwlZ/4Q4IBmFOpoQQ7BKU8LnUCRAiVQhFE3Y+5LapxkPCKRjjfEWiW1ELxFMdZUDZItPBDj6UqoGgzgmM19AhWQG5qenfQ1AwJhN767sM4eT8fUO0C/6ju5z4tFk1NrbPcL+ffcnMNOVttt7bs5+ujza0z/8XmPmPX7Lr7T3al3TDMPfz1ybl/kWs/C6p7OC/gk1b/mDT3ty3oSnGYRvGNDKULU+t0QbRsS5OzJeRB2dZ1U7V4TKduqQ2LGTIU/DEcBn6IRzGapGdeRMaDIYlGU4ECo1mYCgWQ6ihAHns1yqW36+ya6JrGO7Ij9o9kS41GKPWjUAK5d2pPJglO1w+ry82STSD3uVV92yyPVw6z3Nx6zOYsQdFFi0x/AoA9ehOAAgAA
      '8': H4sIAAAAAAAAAI2SQU/CMBTH32SMMo9ePHv3C3jB4bqNBDYCRBkXUrCQha5NtgLxI3j05MchXoxHD979AH4FD26sE5SY2NPr/73/r32vNQEqcOyTmF5HaTRhFCBX6k2S0i4jMt9rFaj2Y8JYkdOdKFFlupXEqXK0+GqfYHRIsqBJYa+5TKwjPs9TJph4yWhi8TmjJqA2dgbjNnYN0Iabh3f37O1ynMUhqJXFo1LPzLqHLTuv3cv/qC1jKNlWr7NlP9+cftx3VwdspefsZmCH/2TXey3X28Ffn7qPL6j529DYwZVBddr4o9NS3x6RjZRyKZI7BNUrD/cHoPuBj9UQEBxFt3ASR5xOEzKTF1xIOmFiutCycrHkUjsCwyYxmedvgqAWOI5n+XZBQYA6VsvfF/Tscv3vjYOxOjDz6vkXKWYqpkRGghuAhufBbJZSuWsAjQ6lUEmbz0KqQiUk6yL+ApjvG2h/AgAA
      '9': H4sIAAAAAAAAAHVSvU7CUBj9CqVc6mzCZKI7L+CCrf0jgRaBKGUhF7iQxv4kbYH4AA6OTr6Fk4ObuhhGB3cfAF/AuHhLb4FguNP5Ts85t+fLFQHycGBij1w6kTNwCUDClGQckaaLYzYX2h52XQq5PPCaEzKal0IvYo6aP1snUJXQwOE1CdOhqLvB3PEniVQEUZ26JJT8iUtEQHVV6/Trqi4A1325/9JPPs/6FNvADsW9jKdm3lAlZaX9Of7tKJXyrjbDkGVLrcZK/35VXt41Z/+yGZ9ky5ZiJ9qt7/uyS62abmzCP96aDwsk7xqqm3BmYE2re5pm/OoKulLix0F4g6BwbqjtDvCmZapsCQhyzggOPccnwxCP49N5EIyI349cPOCoIZj6MZcDQcEenhDgAEHR0jRDMpU0BwFqSDVzm+Dp77XXg6aq7Erq5ZNHkm41GOLYCXwBULdijccRiauLi+Xt0SutgHoZ9fhMuaQVsjPqOy1agLyN5/JTgv8AyjJiHIECAAA=
      '10': H4sIAAAAAAAAAHVSvU7CUBj9CqVc6mzCZKI7L+CChf6RQItAlLKQC1xIY3+StkB8AGMcnXwLZzd0MYwO7j4AvoBx8ZbeAsFwp/OdnnNuz5crAmThyMAuubJDe+AQgJgpVHBImg6O2Jxru9hxKOSywKt2wGheCtyQOWrebJNAVUIDBzckSIa85vhz25vEUhFEZeqQQPImDhEB1RW1068rmgBcd/H4pZ19XvQptoAdinspT828rkjyWvtz+tuRS8V9bYohzZZajbX+/bq4emjO/mUzPs6umLIVa3e+H8outGqavg3/eGs+LVFl31DehjMDa1o+0DTl11fQlRIv8oNbBLmqrrQ7wBumobAlIMjYIzh2bY8MAzyOzue+PyJeP3TwgKMGf+pFXAYEGbt4QoADBHlTVXXJkJMcBKgh1Yxdgqe/194MqqKwK6mXjx9JslV/iCPb9wRA3ZI5HockWiwvV3cnr7QC6jGq/PxCubgVslLqOymag6yF59X7GP8BC0rqPYECAAA=
  PlaceAbleSide: TOP
